
Microsoft Visual Studio Solution File, Format Version 12.00
# Visual Studio Version 16
VisualStudioVersion = 16.0.29911.84
MinimumVisualStudioVersion = 10.0.40219.1
Project("{2150E333-8FDC-42A3-9474-1A3956D46DE8}") = "Gateway", "Gateway", "{066150CB-B616-4E5B-A04A-C7ECDDC778FE}"
EndProject
Project("{2150E333-8FDC-42A3-9474-1A3956D46DE8}") = "Infrastructures", "Infrastructures", "{10DA4914-9BFF-42BA-8931-003C95F4D0DB}"
EndProject
Project("{2150E333-8FDC-42A3-9474-1A3956D46DE8}") = "MicroServices", "MicroServices", "{7912080D-1F02-42E0-A440-AC2713C92603}"
EndProject
Project("{9A19103F-16F7-4668-BE54-9A1E7A4F7556}") = "ServicesGateway", "Gateway\ServicesGateway\ServicesGateway.csproj", "{21A1F367-48AC-4820-80EC-F0C9B21006BE}"
EndProject
Project("{9A19103F-16F7-4668-BE54-9A1E7A4F7556}") = "EventStore.Middleware", "Infrastructures\EventStore.Middleware\EventStore.Middleware.csproj", "{51F06C26-E2E1-4918-88EE-6C81ABD3D86A}"
EndProject
Project("{9A19103F-16F7-4668-BE54-9A1E7A4F7556}") = "Infrastructure", "Infrastructures\Infrastructure\Infrastructure.csproj", "{3C65B94C-6B47-4E84-A970-AEF8B3155556}"
EndProject
Project("{9A19103F-16F7-4668-BE54-9A1E7A4F7556}") = "Domain", "Domain\Domain.csproj", "{DEE4082B-FE21-43F9-AF98-D0FF1EB03215}"
EndProject
Project("{2150E333-8FDC-42A3-9474-1A3956D46DE8}") = "Movies", "Movies", "{18272749-A72B-4A60-9961-F7225A594340}"
EndProject
Project("{2150E333-8FDC-42A3-9474-1A3956D46DE8}") = "Reviews", "Reviews", "{0E046BF8-EF83-4F06-9EE7-A72399D7BBFD}"
EndProject
Project("{9A19103F-16F7-4668-BE54-9A1E7A4F7556}") = "Movies.ReadStore", "MicroServices\Movies\Movies.ReadStore\Movies.ReadStore.csproj", "{12CBC3CD-E73C-4A6E-BF6C-DFCEDAFF5DA7}"
EndProject
Project("{9A19103F-16F7-4668-BE54-9A1E7A4F7556}") = "Reviews.ReadStore", "MicroServices\Reviews\Reviews.ReadStore\Reviews.ReadStore.csproj", "{0D913F07-17CC-4BC8-A471-FA25A5AEAF83}"
EndProject
Project("{9A19103F-16F7-4668-BE54-9A1E7A4F7556}") = "Movies.Service", "MicroServices\Movies\Movies.Service\Movies.Service.csproj", "{A2006E94-6521-43CC-8904-6BAA9AFAF3F9}"
EndProject
Project("{9A19103F-16F7-4668-BE54-9A1E7A4F7556}") = "Reviews.Service", "MicroServices\Reviews\Reviews.Service\Reviews.Service.csproj", "{01339E7C-83FA-423F-B2AB-46D88BDCEE59}"
EndProject
Project("{E53339B2-1760-4266-BCC7-CA923CBCF16C}") = "docker-compose", "docker-compose.dcproj", "{072F40D5-E715-42E9-85ED-EBC72C941874}"
EndProject
Project("{2150E333-8FDC-42A3-9474-1A3956D46DE8}") = "Apps", "Apps", "{EE9918DE-CE9E-4A4E-AC9E-EB4B39259515}"
EndProject
Project("{9A19103F-16F7-4668-BE54-9A1E7A4F7556}") = "EventStore.App", "Apps\EventStore.App\EventStore.App.csproj", "{31065208-A0BE-4423-B054-737D7F7B5C8E}"
EndProject
Project("{9A19103F-16F7-4668-BE54-9A1E7A4F7556}") = "EventConsumer.App", "Apps\EventConsumer.App\EventConsumer.App.csproj", "{9FBE60E6-7183-4F41-8FD9-322FE5FAEA2A}"
EndProject
Global
	GlobalSection(SolutionConfigurationPlatforms) = preSolution
		Debug|Any CPU = Debug|Any CPU
		Release|Any CPU = Release|Any CPU
	EndGlobalSection
	GlobalSection(ProjectConfigurationPlatforms) = postSolution
		{21A1F367-48AC-4820-80EC-F0C9B21006BE}.Debug|Any CPU.ActiveCfg = Debug|Any CPU
		{21A1F367-48AC-4820-80EC-F0C9B21006BE}.Debug|Any CPU.Build.0 = Debug|Any CPU
		{21A1F367-48AC-4820-80EC-F0C9B21006BE}.Release|Any CPU.ActiveCfg = Release|Any CPU
		{21A1F367-48AC-4820-80EC-F0C9B21006BE}.Release|Any CPU.Build.0 = Release|Any CPU
		{51F06C26-E2E1-4918-88EE-6C81ABD3D86A}.Debug|Any CPU.ActiveCfg = Debug|Any CPU
		{51F06C26-E2E1-4918-88EE-6C81ABD3D86A}.Debug|Any CPU.Build.0 = Debug|Any CPU
		{51F06C26-E2E1-4918-88EE-6C81ABD3D86A}.Release|Any CPU.ActiveCfg = Release|Any CPU
		{51F06C26-E2E1-4918-88EE-6C81ABD3D86A}.Release|Any CPU.Build.0 = Release|Any CPU
		{3C65B94C-6B47-4E84-A970-AEF8B3155556}.Debug|Any CPU.ActiveCfg = Debug|Any CPU
		{3C65B94C-6B47-4E84-A970-AEF8B3155556}.Debug|Any CPU.Build.0 = Debug|Any CPU
		{3C65B94C-6B47-4E84-A970-AEF8B3155556}.Release|Any CPU.ActiveCfg = Release|Any CPU
		{3C65B94C-6B47-4E84-A970-AEF8B3155556}.Release|Any CPU.Build.0 = Release|Any CPU
		{DEE4082B-FE21-43F9-AF98-D0FF1EB03215}.Debug|Any CPU.ActiveCfg = Debug|Any CPU
		{DEE4082B-FE21-43F9-AF98-D0FF1EB03215}.Debug|Any CPU.Build.0 = Debug|Any CPU
		{DEE4082B-FE21-43F9-AF98-D0FF1EB03215}.Release|Any CPU.ActiveCfg = Release|Any CPU
		{DEE4082B-FE21-43F9-AF98-D0FF1EB03215}.Release|Any CPU.Build.0 = Release|Any CPU
		{12CBC3CD-E73C-4A6E-BF6C-DFCEDAFF5DA7}.Debug|Any CPU.ActiveCfg = Debug|Any CPU
		{12CBC3CD-E73C-4A6E-BF6C-DFCEDAFF5DA7}.Debug|Any CPU.Build.0 = Debug|Any CPU
		{12CBC3CD-E73C-4A6E-BF6C-DFCEDAFF5DA7}.Release|Any CPU.ActiveCfg = Release|Any CPU
		{12CBC3CD-E73C-4A6E-BF6C-DFCEDAFF5DA7}.Release|Any CPU.Build.0 = Release|Any CPU
		{0D913F07-17CC-4BC8-A471-FA25A5AEAF83}.Debug|Any CPU.ActiveCfg = Debug|Any CPU
		{0D913F07-17CC-4BC8-A471-FA25A5AEAF83}.Debug|Any CPU.Build.0 = Debug|Any CPU
		{0D913F07-17CC-4BC8-A471-FA25A5AEAF83}.Release|Any CPU.ActiveCfg = Release|Any CPU
		{0D913F07-17CC-4BC8-A471-FA25A5AEAF83}.Release|Any CPU.Build.0 = Release|Any CPU
		{A2006E94-6521-43CC-8904-6BAA9AFAF3F9}.Debug|Any CPU.ActiveCfg = Debug|Any CPU
		{A2006E94-6521-43CC-8904-6BAA9AFAF3F9}.Debug|Any CPU.Build.0 = Debug|Any CPU
		{A2006E94-6521-43CC-8904-6BAA9AFAF3F9}.Release|Any CPU.ActiveCfg = Release|Any CPU
		{A2006E94-6521-43CC-8904-6BAA9AFAF3F9}.Release|Any CPU.Build.0 = Release|Any CPU
		{01339E7C-83FA-423F-B2AB-46D88BDCEE59}.Debug|Any CPU.ActiveCfg = Debug|Any CPU
		{01339E7C-83FA-423F-B2AB-46D88BDCEE59}.Debug|Any CPU.Build.0 = Debug|Any CPU
		{01339E7C-83FA-423F-B2AB-46D88BDCEE59}.Release|Any CPU.ActiveCfg = Release|Any CPU
		{01339E7C-83FA-423F-B2AB-46D88BDCEE59}.Release|Any CPU.Build.0 = Release|Any CPU
		{072F40D5-E715-42E9-85ED-EBC72C941874}.Debug|Any CPU.ActiveCfg = Debug|Any CPU
		{072F40D5-E715-42E9-85ED-EBC72C941874}.Debug|Any CPU.Build.0 = Debug|Any CPU
		{072F40D5-E715-42E9-85ED-EBC72C941874}.Release|Any CPU.ActiveCfg = Release|Any CPU
		{072F40D5-E715-42E9-85ED-EBC72C941874}.Release|Any CPU.Build.0 = Release|Any CPU
		{31065208-A0BE-4423-B054-737D7F7B5C8E}.Debug|Any CPU.ActiveCfg = Debug|Any CPU
		{31065208-A0BE-4423-B054-737D7F7B5C8E}.Debug|Any CPU.Build.0 = Debug|Any CPU
		{31065208-A0BE-4423-B054-737D7F7B5C8E}.Release|Any CPU.ActiveCfg = Release|Any CPU
		{31065208-A0BE-4423-B054-737D7F7B5C8E}.Release|Any CPU.Build.0 = Release|Any CPU
		{9FBE60E6-7183-4F41-8FD9-322FE5FAEA2A}.Debug|Any CPU.ActiveCfg = Debug|Any CPU
		{9FBE60E6-7183-4F41-8FD9-322FE5FAEA2A}.Debug|Any CPU.Build.0 = Debug|Any CPU
		{9FBE60E6-7183-4F41-8FD9-322FE5FAEA2A}.Release|Any CPU.ActiveCfg = Release|Any CPU
		{9FBE60E6-7183-4F41-8FD9-322FE5FAEA2A}.Release|Any CPU.Build.0 = Release|Any CPU
	EndGlobalSection
	GlobalSection(SolutionProperties) = preSolution
		HideSolutionNode = FALSE
	EndGlobalSection
	GlobalSection(NestedProjects) = preSolution
		{21A1F367-48AC-4820-80EC-F0C9B21006BE} = {066150CB-B616-4E5B-A04A-C7ECDDC778FE}
		{51F06C26-E2E1-4918-88EE-6C81ABD3D86A} = {10DA4914-9BFF-42BA-8931-003C95F4D0DB}
		{3C65B94C-6B47-4E84-A970-AEF8B3155556} = {10DA4914-9BFF-42BA-8931-003C95F4D0DB}
		{18272749-A72B-4A60-9961-F7225A594340} = {7912080D-1F02-42E0-A440-AC2713C92603}
		{0E046BF8-EF83-4F06-9EE7-A72399D7BBFD} = {7912080D-1F02-42E0-A440-AC2713C92603}
		{12CBC3CD-E73C-4A6E-BF6C-DFCEDAFF5DA7} = {18272749-A72B-4A60-9961-F7225A594340}
		{0D913F07-17CC-4BC8-A471-FA25A5AEAF83} = {0E046BF8-EF83-4F06-9EE7-A72399D7BBFD}
		{A2006E94-6521-43CC-8904-6BAA9AFAF3F9} = {18272749-A72B-4A60-9961-F7225A594340}
		{01339E7C-83FA-423F-B2AB-46D88BDCEE59} = {0E046BF8-EF83-4F06-9EE7-A72399D7BBFD}
		{31065208-A0BE-4423-B054-737D7F7B5C8E} = {EE9918DE-CE9E-4A4E-AC9E-EB4B39259515}
		{9FBE60E6-7183-4F41-8FD9-322FE5FAEA2A} = {EE9918DE-CE9E-4A4E-AC9E-EB4B39259515}
	EndGlobalSection
	GlobalSection(ExtensibilityGlobals) = postSolution
		SolutionGuid = {52EDEB14-AB9F-4E0E-B383-74D4ABE66B38}
	EndGlobalSection
EndGlobal
